// !$*UTF8*$!
{
	archiveVersion = 1;
	classes = {
	};
	objectVersion = 55;
	objects = {

/* Begin PBXBuildFile section */
		AB696B8926D674EE0099B7E9 /* MouseTracking.swift in Sources */ = {isa = PBXBuildFile; fileRef = AB696B8826D674EE0099B7E9 /* MouseTracking.swift */; };
		AB83C54E26AC0E4400DE7383 /* TEMA.swift in Sources */ = {isa = PBXBuildFile; fileRef = AB83C54D26AC0E4400DE7383 /* TEMA.swift */; };
		AB842BFA26A41A3D00D5425D /* TEMAv001App.swift in Sources */ = {isa = PBXBuildFile; fileRef = AB842BF926A41A3D00D5425D /* TEMAv001App.swift */; };
		AB842BFC26A41A3D00D5425D /* ContentView.swift in Sources */ = {isa = PBXBuildFile; fileRef = AB842BFB26A41A3D00D5425D /* ContentView.swift */; };
		AB842BFE26A41A3E00D5425D /* Assets.xcassets in Resources */ = {isa = PBXBuildFile; fileRef = AB842BFD26A41A3E00D5425D /* Assets.xcassets */; };
		AB842C0126A41A3E00D5425D /* Preview Assets.xcassets in Resources */ = {isa = PBXBuildFile; fileRef = AB842C0026A41A3E00D5425D /* Preview Assets.xcassets */; };
/* End PBXBuildFile section */

/* Begin PBXFileReference section */
		AB696B8826D674EE0099B7E9 /* MouseTracking.swift */ = {isa = PBXFileReference; lastKnownFileType = sourcecode.swift; path = MouseTracking.swift; sourceTree = "<group>"; };
		AB83C54D26AC0E4400DE7383 /* TEMA.swift */ = {isa = PBXFileReference; lastKnownFileType = sourcecode.swift; path = TEMA.swift; sourceTree = "<group>"; };
		AB83C55026AC2D7300DE7383 /* TEMAv001.entitlements */ = {isa = PBXFileReference; lastKnownFileType = text.plist.entitlements; path = TEMAv001.entitlements; sourceTree = "<group>"; };
		AB842BF626A41A3D00D5425D /* TEMAv001.app */ = {isa = PBXFileReference; explicitFileType = wrapper.application; includeInIndex = 0; path = TEMAv001.app; sourceTree = BUILT_PRODUCTS_DIR; };
		AB842BF926A41A3D00D5425D /* TEMAv001App.swift */ = {isa = PBXFileReference; lastKnownFileType = sourcecode.swift; path = TEMAv001App.swift; sourceTree = "<group>"; };
		AB842BFB26A41A3D00D5425D /* ContentView.swift */ = {isa = PBXFileReference; lastKnownFileType = sourcecode.swift; path = ContentView.swift; sourceTree = "<group>"; };
		AB842BFD26A41A3E00D5425D /* Assets.xcassets */ = {isa = PBXFileReference; lastKnownFileType = folder.assetcatalog; path = Assets.xcassets; sourceTree = "<group>"; };
		AB842C0026A41A3E00D5425D /* Preview Assets.xcassets */ = {isa = PBXFileReference; lastKnownFileType = folder.assetcatalog; path = "Preview Assets.xcassets"; sourceTree = "<group>"; };
/* End PBXFileReference section */

/* Begin PBXFrameworksBuildPhase section */
		AB842BF326A41A3D00D5425D /* Frameworks */ = {
			isa = PBXFrameworksBuildPhase;
			buildActionMask = 2147483647;
			files = (
			);
			runOnlyForDeploymentPostprocessing = 0;
		};
/* End PBXFrameworksBuildPhase section */

/* Begin PBXGroup section */
		AB842BED26A41A3D00D5425D = {
			isa = PBXGroup;
			children = (
				AB842BF826A41A3D00D5425D /* TEMAv001 */,
				AB842BF726A41A3D00D5425D /* Products */,
			);
			sourceTree = "<group>";
		};
		AB842BF726A41A3D00D5425D /* Products */ = {
			isa = PBXGroup;
			children = (
				AB842BF626A41A3D00D5425D /* TEMAv001.app */,
			);
			name = Products;
			sourceTree = "<group>";
		};
		AB842BF826A41A3D00D5425D /* TEMAv001 */ = {
			isa = PBXGroup;
			children = (
				AB83C55026AC2D7300DE7383 /* TEMAv001.entitlements */,
				AB842BF926A41A3D00D5425D /* TEMAv001App.swift */,
				AB696B8826D674EE0099B7E9 /* MouseTracking.swift */,
				AB842BFB26A41A3D00D5425D /* ContentView.swift */,
				AB83C54D26AC0E4400DE7383 /* TEMA.swift */,
				AB842BFD26A41A3E00D5425D /* Assets.xcassets */,
				AB842BFF26A41A3E00D5425D /* Preview Content */,
			);
			path = TEMAv001;
			sourceTree = "<group>";
		};
		AB842BFF26A41A3E00D5425D /* Preview Content */ = {
			isa = PBXGroup;
			children = (
				AB842C0026A41A3E00D5425D /* Preview Assets.xcassets */,
			);
			path = "Preview Content";
			sourceTree = "<group>";
		};
/* End PBXGroup section */

/* Begin PBXNativeTarget section */
		AB842BF526A41A3D00D5425D /* TEMAv001 */ = {
			isa = PBXNativeTarget;
			buildConfigurationList = AB842C0426A41A3E00D5425D /* Build configuration list for PBXNativeTarget "TEMAv001" */;
			buildPhases = (
				AB842BF226A41A3D00D5425D /* Sources */,
				AB842BF326A41A3D00D5425D /* Frameworks */,
				AB842BF426A41A3D00D5425D /* Resources */,
			);
			buildRules = (
			);
			dependencies = (
			);
			name = TEMAv001;
			productName = TEMAv001;
			productReference = AB842BF626A41A3D00D5425D /* TEMAv001.app */;
			productType = "com.apple.product-type.application";
		};
/* End PBXNativeTarget section */

/* Begin PBXProject section */
		AB842BEE26A41A3D00D5425D /* Project object */ = {
			isa = PBXProject;
			attributes = {
				BuildIndependentTargetsInParallel = 1;
				LastSwiftUpdateCheck = 1300;
				LastUpgradeCheck = 1300;
				TargetAttributes = {
					AB842BF526A41A3D00D5425D = {
						CreatedOnToolsVersion = 13.0;
					};
				};
			};
			buildConfigurationList = AB842BF126A41A3D00D5425D /* Build configuration list for PBXProject "TEMAv001" */;
			compatibilityVersion = "Xcode 13.0";
			developmentRegion = en;
			hasScannedForEncodings = 0;
			knownRegions = (
				en,
				Base,
			);
			mainGroup = AB842BED26A41A3D00D5425D;
			productRefGroup = AB842BF726A41A3D00D5425D /* Products */;
			projectDirPath = "";
			projectRoot = "";
			targets = (
				AB842BF526A41A3D00D5425D /* TEMAv001 */,
			);
		};
/* End PBXProject section */

/* Begin PBXResourcesBuildPhase section */
		AB842BF426A41A3D00D5425D /* Resources */ = {
			isa = PBXResourcesBuildPhase;
			buildActionMask = 2147483647;
			files = (
				AB842C0126A41A3E00D5425D /* Preview Assets.xcassets in Resources */,
				AB842BFE26A41A3E00D5425D /* Assets.xcassets in Resources */,
			);
			runOnlyForDeploymentPostprocessing = 0;
		};
/* End PBXResourcesBuildPhase section */

/* Begin PBXSourcesBuildPhase section */
		AB842BF226A41A3D00D5425D /* Sources */ = {
			isa = PBXSourcesBuildPhase;
			buildActionMask = 2147483647;
			files = (
				AB83C54E26AC0E4400DE7383 /* TEMA.swift in Sources */,
				AB842BFC26A41A3D00D5425D /* ContentView.swift in Sources */,
				AB696B8926D674EE0099B7E9 /* MouseTracking.swift in Sources */,
				AB842BFA26A41A3D00D5425D /* TEMAv001App.swift in Sources */,
			);
			runOnlyForDeploymentPostprocessing = 0;
		};
/* End PBXSourcesBuildPhase section */

/* Begin XCBuildConfiguration section */
		AB842C0226A41A3E00D5425D /* Debug */ = {
			isa = XCBuildConfiguration;
			buildSettings = {
				ALWAYS_SEARCH_USER_PATHS = NO;
				CLANG_ANALYZER_NONNULL = YES;
				CLANG_ANALYZER_NUMBER_OBJECT_CONVERSION = YES_AGGRESSIVE;
				CLANG_CXX_LANGUAGE_STANDARD = "gnu++17";
				CLANG_CXX_LIBRARY = "libc++";
				CLANG_ENABLE_MODULES = YES;
				CLANG_ENABLE_OBJC_ARC = YES;
				CLANG_ENABLE_OBJC_WEAK = YES;
				CLANG_WARN_BLOCK_CAPTURE_AUTORELEASING = YES;
				CLANG_WARN_BOOL_CONVERSION = YES;
				CLANG_WARN_COMMA = YES;
				CLANG_WARN_CONSTANT_CONVERSION = YES;
				CLANG_WARN_DEPRECATED_OBJC_IMPLEMENTATIONS = YES;
				CLANG_WARN_DIRECT_OBJC_ISA_USAGE = YES_ERROR;
				CLANG_WARN_DOCUMENTATION_COMMENTS = YES;
				CLANG_WARN_EMPTY_BODY = YES;
				CLANG_WARN_ENUM_CONVERSION = YES;
				CLANG_WARN_INFINITE_RECURSION = YES;
				CLANG_WARN_INT_CONVERSION = YES;
				CLANG_WARN_NON_LITERAL_NULL_CONVERSION = YES;
				CLANG_WARN_OBJC_IMPLICIT_RETAIN_SELF = YES;
				CLANG_WARN_OBJC_LITERAL_CONVERSION = YES;
				CLANG_WARN_OBJC_ROOT_CLASS = YES_ERROR;
				CLANG_WARN_QUOTED_INCLUDE_IN_FRAMEWORK_HEADER = YES;
				CLANG_WARN_RANGE_LOOP_ANALYSIS = YES;
				CLANG_WARN_STRICT_PROTOTYPES = YES;
				CLANG_WARN_SUSPICIOUS_MOVE = YES;
				CLANG_WARN_UNGUARDED_AVAILABILITY = YES_AGGRESSIVE;
				CLANG_WARN_UNREACHABLE_CODE = YES;
				CLANG_WARN__DUPLICATE_METHOD_MATCH = YES;
				COPY_PHASE_STRIP = NO;
				DEBUG_INFORMATION_FORMAT = dwarf;
				ENABLE_STRICT_OBJC_MSGSEND = YES;
				ENABLE_TESTABILITY = YES;
				GCC_C_LANGUAGE_STANDARD = gnu11;
				GCC_DYNAMIC_NO_PIC = NO;
				GCC_NO_COMMON_BLOCKS = YES;
				GCC_OPTIMIZATION_LEVEL = 0;
				GCC_PREPROCESSOR_DEFINITIONS = (
					"DEBUG=1",
					"$(inherited)",
				);
				GCC_WARN_64_TO_32_BIT_CONVERSION = YES;
				GCC_WARN_ABOUT_RETURN_TYPE = YES_ERROR;
				GCC_WARN_UNDECLARED_SELECTOR = YES;
				GCC_WARN_UNINITIALIZED_AUTOS = YES_AGGRESSIVE;
				GCC_WARN_UNUSED_FUNCTION = YES;
				GCC_WARN_UNUSED_VARIABLE = YES;
				MACOSX_DEPLOYMENT_TARGET = 12.0;
				MTL_ENABLE_DEBUG_INFO = INCLUDE_SOURCE;
				MTL_FAST_MATH = YES;
				ONLY_ACTIVE_ARCH = YES;
				SDKROOT = macosx;
				SWIFT_ACTIVE_COMPILATION_CONDITIONS = DEBUG;
				SWIFT_OPTIMIZATION_LEVEL = "-Onone";
				SWIFT_VERSION = 5.0;
			};
			name = Debug;
		};
		AB842C0326A41A3E00D5425D /* Release */ = {
			isa = XCBuildConfiguration;
			buildSettings = {
				ALWAYS_SEARCH_USER_PATHS = NO;
				CLANG_ANALYZER_NONNULL = YES;
				CLANG_ANALYZER_NUMBER_OBJECT_CONVERSION = YES_AGGRESSIVE;
				CLANG_CXX_LANGUAGE_STANDARD = "gnu++17";
				CLANG_CXX_LIBRARY = "libc++";
				CLANG_ENABLE_MODULES = YES;
				CLANG_ENABLE_OBJC_ARC = YES;
				CLANG_ENABLE_OBJC_WEAK = YES;
				CLANG_WARN_BLOCK_CAPTURE_AUTORELEASING = YES;
				CLANG_WARN_BOOL_CONVERSION = YES;
				CLANG_WARN_COMMA = YES;
				CLANG_WARN_CONSTANT_CONVERSION = YES;
				CLANG_WARN_DEPRECATED_OBJC_IMPLEMENTATIONS = YES;
				CLANG_WARN_DIRECT_OBJC_ISA_USAGE = YES_ERROR;
				CLANG_WARN_DOCUMENTATION_COMMENTS = YES;
				CLANG_WARN_EMPTY_BODY = YES;
				CLANG_WARN_ENUM_CONVERSION = YES;
				CLANG_WARN_INFINITE_RECURSION = YES;
				CLANG_WARN_INT_CONVERSION = YES;
				CLANG_WARN_NON_LITERAL_NULL_CONVERSION = YES;
				CLANG_WARN_OBJC_IMPLICIT_RETAIN_SELF = YES;
				CLANG_WARN_OBJC_LITERAL_CONVERSION = YES;
				CLANG_WARN_OBJC_ROOT_CLASS = YES_ERROR;
				CLANG_WARN_QUOTED_INCLUDE_IN_FRAMEWORK_HEADER = YES;
				CLANG_WARN_RANGE_LOOP_ANALYSIS = YES;
				CLANG_WARN_STRICT_PROTOTYPES = YES;
				CLANG_WARN_SUSPICIOUS_MOVE = YES;
				CLANG_WARN_UNGUARDED_AVAILABILITY = YES_AGGRESSIVE;
				CLANG_WARN_UNREACHABLE_CODE = YES;
				CLANG_WARN__DUPLICATE_METHOD_MATCH = YES;
				COPY_PHASE_STRIP = NO;
				DEBUG_INFORMATION_FORMAT = "dwarf-with-dsym";
				ENABLE_NS_ASSERTIONS = NO;
				ENABLE_STRICT_OBJC_MSGSEND = YES;
				GCC_C_LANGUAGE_STANDARD = gnu11;
				GCC_NO_COMMON_BLOCKS = YES;
				GCC_WARN_64_TO_32_BIT_CONVERSION = YES;
				GCC_WARN_ABOUT_RETURN_TYPE = YES_ERROR;
				GCC_WARN_UNDECLARED_SELECTOR = YES;
				GCC_WARN_UNINITIALIZED_AUTOS = YES_AGGRESSIVE;
				GCC_WARN_UNUSED_FUNCTION = YES;
				GCC_WARN_UNUSED_VARIABLE = YES;
				MACOSX_DEPLOYMENT_TARGET = 12.0;
				MTL_ENABLE_DEBUG_INFO = NO;
				MTL_FAST_MATH = YES;
				SDKROOT = macosx;
				SWIFT_COMPILATION_MODE = wholemodule;
				SWIFT_OPTIMIZATION_LEVEL = "-O";
				SWIFT_VERSION = 5.0;
			};
			name = Release;
		};
		AB842C0526A41A3E00D5425D /* Debug */ = {
			isa = XCBuildConfiguration;
			buildSettings = {
				ASSETCATALOG_COMPILER_APPICON_NAME = AppIcon;
				ASSETCATALOG_COMPILER_GLOBAL_ACCENT_COLOR_NAME = AccentColor;
				CODE_SIGN_ENTITLEMENTS = TEMAv001/TEMAv001.entitlements;
				CODE_SIGN_STYLE = Automatic;
				COMBINE_HIDPI_IMAGES = YES;
				CURRENT_PROJECT_VERSION = 1;
				DEVELOPMENT_ASSET_PATHS = "\"TEMAv001/Preview Content\"";
				DEVELOPMENT_TEAM = SK8WX2BAWU;
				ENABLE_APP_SANDBOX = YES;
				ENABLE_HARDENED_RUNTIME = YES;
				ENABLE_PREVIEWS = YES;
				ENABLE_USER_SELECTED_FILES = readonly;
				GENERATE_INFOPLIST_FILE = YES;
				INFOPLIST_KEY_NSHumanReadableCopyright = "";
				LD_RUNPATH_SEARCH_PATHS = (
					"$(inherited)",
					"@executable_path/../Frameworks",
				);
				MACOSX_DEPLOYMENT_TARGET = 12.0;
				MARKETING_VERSION = 1.0;
				PRODUCT_BUNDLE_IDENTIFIER = com.terminalglow.TEMAv001;
				PRODUCT_NAME = "$(TARGET_NAME)";
				SWIFT_EMIT_LOC_STRINGS = YES;
				SWIFT_VERSION = 5.0;
			};
			name = Debug;
		};
		AB842C0626A41A3E00D5425D /* Release */ = {
			isa = XCBuildConfiguration;
			buildSettings = {
				ASSETCATALOG_COMPILER_APPICON_NAME = AppIcon;
				ASSETCATALOG_COMPILER_GLOBAL_ACCENT_COLOR_NAME = AccentColor;
				CODE_SIGN_ENTITLEMENTS = TEMAv001/TEMAv001.entitlements;
				CODE_SIGN_STYLE = Automatic;
				COMBINE_HIDPI_IMAGES = YES;
				CURRENT_PROJECT_VERSION = 1;
				DEVELOPMENT_ASSET_PATHS = "\"TEMAv001/Preview Content\"";
				DEVELOPMENT_TEAM = SK8WX2BAWU;
				ENABLE_APP_SANDBOX = YES;
				ENABLE_HARDENED_RUNTIME = YES;
				ENABLE_PREVIEWS = YES;
				ENABLE_USER_SELECTED_FILES = readonly;
				GENERATE_INFOPLIST_FILE = YES;
				INFOPLIST_KEY_NSHumanReadableCopyright = "";
				LD_RUNPATH_SEARCH_PATHS = (
					"$(inherited)",
					"@executable_path/../Frameworks",
				);
				MACOSX_DEPLOYMENT_TARGET = 12.0;
				MARKETING_VERSION = 1.0;
				PRODUCT_BUNDLE_IDENTIFIER = com.terminalglow.TEMAv001;
				PRODUCT_NAME = "$(TARGET_NAME)";
				SWIFT_EMIT_LOC_STRINGS = YES;
				SWIFT_VERSION = 5.0;
			};
			name = Release;
		};
/* End XCBuildConfiguration section */

/* Begin XCConfigurationList section */
		AB842BF126A41A3D00D5425D /* Build configuration list for PBXProject "TEMAv001" */ = {
			isa = XCConfigurationList;
			buildConfigurations = (
				AB842C0226A41A3E00D5425D /* Debug */,
				AB842C0326A41A3E00D5425D /* Release */,
			);
			defaultConfigurationIsVisible = 0;
			defaultConfigurationName = Release;
		};
		AB842C0426A41A3E00D5425D /* Build configuration list for PBXNativeTarget "TEMAv001" */ = {
			isa = XCConfigurationList;
			buildConfigurations = (
				AB842C0526A41A3E00D5425D /* Debug */,
				AB842C0626A41A3E00D5425D /* Release */,
			);
			defaultConfigurationIsVisible = 0;
			defaultConfigurationName = Release;
		};
/* End XCConfigurationList section */
	};
	rootObject = AB842BEE26A41A3D00D5425D /* Project object */;
}
